# THIS IS AN AUTOGENERATED FILE. DO NOT EDIT THIS FILE DIRECTLY.
# yarn lockfile v1


"@adraffy/ens-normalize@^1.11.0":
  version "1.11.0"
  resolved "https://registry.npmjs.org/@adraffy/ens-normalize/-/ens-normalize-1.11.0.tgz"
  integrity sha512-/3DDPKHqqIqxUULp8yP4zODUY1i+2xvVWsv8A79xGWdCAG+8sb0hRh0Rk2QyOJUnnbyPUAZYcpBuRe3nS2OIUg==

"@esbuild/aix-ppc64@0.25.5":
  version "0.25.5"
  resolved "https://registry.yarnpkg.com/@esbuild/aix-ppc64/-/aix-ppc64-0.25.5.tgz#4e0f91776c2b340e75558f60552195f6fad09f18"
  integrity sha512-9o3TMmpmftaCMepOdA5k/yDw8SfInyzWWTjYTFCX3kPSDJMROQTb8jg+h9Cnwnmm1vOzvxN7gIfB5V2ewpjtGA==

"@esbuild/android-arm64@0.25.5":
  version "0.25.5"
  resolved "https://registry.yarnpkg.com/@esbuild/android-arm64/-/android-arm64-0.25.5.tgz#bc766407f1718923f6b8079c8c61bf86ac3a6a4f"
  integrity sha512-VGzGhj4lJO+TVGV1v8ntCZWJktV7SGCs3Pn1GRWI1SBFtRALoomm8k5E9Pmwg3HOAal2VDc2F9+PM/rEY6oIDg==

"@esbuild/android-arm@0.25.5":
  version "0.25.5"
  resolved "https://registry.yarnpkg.com/@esbuild/android-arm/-/android-arm-0.25.5.tgz#4290d6d3407bae3883ad2cded1081a234473ce26"
  integrity sha512-AdJKSPeEHgi7/ZhuIPtcQKr5RQdo6OO2IL87JkianiMYMPbCtot9fxPbrMiBADOWWm3T2si9stAiVsGbTQFkbA==

"@esbuild/android-x64@0.25.5":
  version "0.25.5"
  resolved "https://registry.yarnpkg.com/@esbuild/android-x64/-/android-x64-0.25.5.tgz#40c11d9cbca4f2406548c8a9895d321bc3b35eff"
  integrity sha512-D2GyJT1kjvO//drbRT3Hib9XPwQeWd9vZoBJn+bu/lVsOZ13cqNdDeqIF/xQ5/VmWvMduP6AmXvylO/PIc2isw==

"@esbuild/darwin-arm64@0.25.5":
  version "0.25.5"
  resolved "https://registry.npmjs.org/@esbuild/darwin-arm64/-/darwin-arm64-0.25.5.tgz"
  integrity sha512-GtaBgammVvdF7aPIgH2jxMDdivezgFu6iKpmT+48+F8Hhg5J/sfnDieg0aeG/jfSvkYQU2/pceFPDKlqZzwnfQ==

"@esbuild/darwin-x64@0.25.5":
  version "0.25.5"
  resolved "https://registry.yarnpkg.com/@esbuild/darwin-x64/-/darwin-x64-0.25.5.tgz#e27a5d92a14886ef1d492fd50fc61a2d4d87e418"
  integrity sha512-1iT4FVL0dJ76/q1wd7XDsXrSW+oLoquptvh4CLR4kITDtqi2e/xwXwdCVH8hVHU43wgJdsq7Gxuzcs6Iq/7bxQ==

"@esbuild/freebsd-arm64@0.25.5":
  version "0.25.5"
  resolved "https://registry.yarnpkg.com/@esbuild/freebsd-arm64/-/freebsd-arm64-0.25.5.tgz#97cede59d638840ca104e605cdb9f1b118ba0b1c"
  integrity sha512-nk4tGP3JThz4La38Uy/gzyXtpkPW8zSAmoUhK9xKKXdBCzKODMc2adkB2+8om9BDYugz+uGV7sLmpTYzvmz6Sw==

"@esbuild/freebsd-x64@0.25.5":
  version "0.25.5"
  resolved "https://registry.yarnpkg.com/@esbuild/freebsd-x64/-/freebsd-x64-0.25.5.tgz#71c77812042a1a8190c3d581e140d15b876b9c6f"
  integrity sha512-PrikaNjiXdR2laW6OIjlbeuCPrPaAl0IwPIaRv+SMV8CiM8i2LqVUHFC1+8eORgWyY7yhQY+2U2fA55mBzReaw==

"@esbuild/linux-arm64@0.25.5":
  version "0.25.5"
  resolved "https://registry.yarnpkg.com/@esbuild/linux-arm64/-/linux-arm64-0.25.5.tgz#f7b7c8f97eff8ffd2e47f6c67eb5c9765f2181b8"
  integrity sha512-Z9kfb1v6ZlGbWj8EJk9T6czVEjjq2ntSYLY2cw6pAZl4oKtfgQuS4HOq41M/BcoLPzrUbNd+R4BXFyH//nHxVg==

"@esbuild/linux-arm@0.25.5":
  version "0.25.5"
  resolved "https://registry.yarnpkg.com/@esbuild/linux-arm/-/linux-arm-0.25.5.tgz#2a0be71b6cd8201fa559aea45598dffabc05d911"
  integrity sha512-cPzojwW2okgh7ZlRpcBEtsX7WBuqbLrNXqLU89GxWbNt6uIg78ET82qifUy3W6OVww6ZWobWub5oqZOVtwolfw==

"@esbuild/linux-ia32@0.25.5":
  version "0.25.5"
  resolved "https://registry.yarnpkg.com/@esbuild/linux-ia32/-/linux-ia32-0.25.5.tgz#763414463cd9ea6fa1f96555d2762f9f84c61783"
  integrity sha512-sQ7l00M8bSv36GLV95BVAdhJ2QsIbCuCjh/uYrWiMQSUuV+LpXwIqhgJDcvMTj+VsQmqAHL2yYaasENvJ7CDKA==

"@esbuild/linux-loong64@0.25.5":
  version "0.25.5"
  resolved "https://registry.yarnpkg.com/@esbuild/linux-loong64/-/linux-loong64-0.25.5.tgz#428cf2213ff786a502a52c96cf29d1fcf1eb8506"
  integrity sha512-0ur7ae16hDUC4OL5iEnDb0tZHDxYmuQyhKhsPBV8f99f6Z9KQM02g33f93rNH5A30agMS46u2HP6qTdEt6Q1kg==

"@esbuild/linux-mips64el@0.25.5":
  version "0.25.5"
  resolved "https://registry.yarnpkg.com/@esbuild/linux-mips64el/-/linux-mips64el-0.25.5.tgz#5cbcc7fd841b4cd53358afd33527cd394e325d96"
  integrity sha512-kB/66P1OsHO5zLz0i6X0RxlQ+3cu0mkxS3TKFvkb5lin6uwZ/ttOkP3Z8lfR9mJOBk14ZwZ9182SIIWFGNmqmg==

"@esbuild/linux-ppc64@0.25.5":
  version "0.25.5"
  resolved "https://registry.yarnpkg.com/@esbuild/linux-ppc64/-/linux-ppc64-0.25.5.tgz#0d954ab39ce4f5e50f00c4f8c4fd38f976c13ad9"
  integrity sha512-UZCmJ7r9X2fe2D6jBmkLBMQetXPXIsZjQJCjgwpVDz+YMcS6oFR27alkgGv3Oqkv07bxdvw7fyB71/olceJhkQ==

"@esbuild/linux-riscv64@0.25.5":
  version "0.25.5"
  resolved "https://registry.yarnpkg.com/@esbuild/linux-riscv64/-/linux-riscv64-0.25.5.tgz#0e7dd30730505abd8088321e8497e94b547bfb1e"
  integrity sha512-kTxwu4mLyeOlsVIFPfQo+fQJAV9mh24xL+y+Bm6ej067sYANjyEw1dNHmvoqxJUCMnkBdKpvOn0Ahql6+4VyeA==

"@esbuild/linux-s390x@0.25.5":
  version "0.25.5"
  resolved "https://registry.yarnpkg.com/@esbuild/linux-s390x/-/linux-s390x-0.25.5.tgz#5669af81327a398a336d7e40e320b5bbd6e6e72d"
  integrity sha512-K2dSKTKfmdh78uJ3NcWFiqyRrimfdinS5ErLSn3vluHNeHVnBAFWC8a4X5N+7FgVE1EjXS1QDZbpqZBjfrqMTQ==

"@esbuild/linux-x64@0.25.5":
  version "0.25.5"
  resolved "https://registry.yarnpkg.com/@esbuild/linux-x64/-/linux-x64-0.25.5.tgz#b2357dd153aa49038967ddc1ffd90c68a9d2a0d4"
  integrity sha512-uhj8N2obKTE6pSZ+aMUbqq+1nXxNjZIIjCjGLfsWvVpy7gKCOL6rsY1MhRh9zLtUtAI7vpgLMK6DxjO8Qm9lJw==

"@esbuild/netbsd-arm64@0.25.5":
  version "0.25.5"
  resolved "https://registry.yarnpkg.com/@esbuild/netbsd-arm64/-/netbsd-arm64-0.25.5.tgz#53b4dfb8fe1cee93777c9e366893bd3daa6ba63d"
  integrity sha512-pwHtMP9viAy1oHPvgxtOv+OkduK5ugofNTVDilIzBLpoWAM16r7b/mxBvfpuQDpRQFMfuVr5aLcn4yveGvBZvw==

"@esbuild/netbsd-x64@0.25.5":
  version "0.25.5"
  resolved "https://registry.yarnpkg.com/@esbuild/netbsd-x64/-/netbsd-x64-0.25.5.tgz#a0206f6314ce7dc8713b7732703d0f58de1d1e79"
  integrity sha512-WOb5fKrvVTRMfWFNCroYWWklbnXH0Q5rZppjq0vQIdlsQKuw6mdSihwSo4RV/YdQ5UCKKvBy7/0ZZYLBZKIbwQ==

"@esbuild/openbsd-arm64@0.25.5":
  version "0.25.5"
  resolved "https://registry.yarnpkg.com/@esbuild/openbsd-arm64/-/openbsd-arm64-0.25.5.tgz#2a796c87c44e8de78001d808c77d948a21ec22fd"
  integrity sha512-7A208+uQKgTxHd0G0uqZO8UjK2R0DDb4fDmERtARjSHWxqMTye4Erz4zZafx7Di9Cv+lNHYuncAkiGFySoD+Mw==

"@esbuild/openbsd-x64@0.25.5":
  version "0.25.5"
  resolved "https://registry.yarnpkg.com/@esbuild/openbsd-x64/-/openbsd-x64-0.25.5.tgz#28d0cd8909b7fa3953af998f2b2ed34f576728f0"
  integrity sha512-G4hE405ErTWraiZ8UiSoesH8DaCsMm0Cay4fsFWOOUcz8b8rC6uCvnagr+gnioEjWn0wC+o1/TAHt+It+MpIMg==

"@esbuild/sunos-x64@0.25.5":
  version "0.25.5"
  resolved "https://registry.yarnpkg.com/@esbuild/sunos-x64/-/sunos-x64-0.25.5.tgz#a28164f5b997e8247d407e36c90d3fd5ddbe0dc5"
  integrity sha512-l+azKShMy7FxzY0Rj4RCt5VD/q8mG/e+mDivgspo+yL8zW7qEwctQ6YqKX34DTEleFAvCIUviCFX1SDZRSyMQA==

"@esbuild/win32-arm64@0.25.5":
  version "0.25.5"
  resolved "https://registry.yarnpkg.com/@esbuild/win32-arm64/-/win32-arm64-0.25.5.tgz#6eadbead38e8bd12f633a5190e45eff80e24007e"
  integrity sha512-O2S7SNZzdcFG7eFKgvwUEZ2VG9D/sn/eIiz8XRZ1Q/DO5a3s76Xv0mdBzVM5j5R639lXQmPmSo0iRpHqUUrsxw==

"@esbuild/win32-ia32@0.25.5":
  version "0.25.5"
  resolved "https://registry.yarnpkg.com/@esbuild/win32-ia32/-/win32-ia32-0.25.5.tgz#bab6288005482f9ed2adb9ded7e88eba9a62cc0d"
  integrity sha512-onOJ02pqs9h1iMJ1PQphR+VZv8qBMQ77Klcsqv9CNW2w6yLqoURLcgERAIurY6QE63bbLuqgP9ATqajFLK5AMQ==

"@esbuild/win32-x64@0.25.5":
  version "0.25.5"
  resolved "https://registry.yarnpkg.com/@esbuild/win32-x64/-/win32-x64-0.25.5.tgz#7fc114af5f6563f19f73324b5d5ff36ece0803d1"
  integrity sha512-TXv6YnJ8ZMVdX+SXWVBo/0p8LTcrUYngpWjvm91TMjjBQii7Oz11Lw5lbDV5Y0TzuhSJHwiH4hEtC1I42mMS0g==

"@noble/ciphers@^1.3.0":
  version "1.3.0"
  resolved "https://registry.npmjs.org/@noble/ciphers/-/ciphers-1.3.0.tgz"
  integrity sha512-2I0gnIVPtfnMw9ee9h1dJG7tp81+8Ob3OJb3Mv37rx5L40/b0i7djjCVvGOVqc9AEIQyvyu1i6ypKdFw8R8gQw==

"@noble/curves@1.9.1":
  version "1.9.1"
  resolved "https://registry.yarnpkg.com/@noble/curves/-/curves-1.9.1.tgz#9654a0bc6c13420ae252ddcf975eaf0f58f0a35c"
  integrity sha512-k11yZxZg+t+gWvBbIswW0yoJlu8cHOC7dhunwOzoWH/mXGBiYyR4YY6hAEK/3EUs4UpB8la1RfdRpeGsFHkWsA==
  dependencies:
    "@noble/hashes" "1.8.0"

"@noble/curves@~1.9.0":
  version "1.9.7"
  resolved "https://registry.npmjs.org/@noble/curves/-/curves-1.9.7.tgz"
  integrity sha512-gbKGcRUYIjA3/zCCNaWDciTMFI0dCkvou3TL8Zmy5Nc7sJ47a0jtOeZoTaMxkuqRo9cRhjOdZJXegxYE5FN/xw==
  dependencies:
    "@noble/hashes" "1.8.0"

"@noble/hashes@1.8.0", "@noble/hashes@^1.8.0", "@noble/hashes@~1.8.0":
  version "1.8.0"
  resolved "https://registry.npmjs.org/@noble/hashes/-/hashes-1.8.0.tgz"
  integrity sha512-jCs9ldd7NwzpgXDIf6P3+NrHh9/sD6CQdxHyjQI+h/6rDNo88ypBxxz45UDuZHz9r3tNz7N/VInSVoVdtXEI4A==

"@scure/base@^1.2.6", "@scure/base@~1.2.5":
  version "1.2.6"
  resolved "https://registry.npmjs.org/@scure/base/-/base-1.2.6.tgz"
  integrity sha512-g/nm5FgUa//MCj1gV09zTJTaM6KBAHqLN907YVQqf7zC49+DcO4B1so4ZX07Ef10Twr6nuqYEH9GEggFXA4Fmg==

"@scure/bip32@1.7.0", "@scure/bip32@^1.7.0":
  version "1.7.0"
  resolved "https://registry.npmjs.org/@scure/bip32/-/bip32-1.7.0.tgz"
  integrity sha512-E4FFX/N3f4B80AKWp5dP6ow+flD1LQZo/w8UnLGYZO674jS6YnYeepycOOksv+vLPSpgN35wgKgy+ybfTb2SMw==
  dependencies:
    "@noble/curves" "~1.9.0"
    "@noble/hashes" "~1.8.0"
    "@scure/base" "~1.2.5"

"@scure/bip39@1.6.0", "@scure/bip39@^1.6.0":
  version "1.6.0"
  resolved "https://registry.npmjs.org/@scure/bip39/-/bip39-1.6.0.tgz"
  integrity sha512-+lF0BbLiJNwVlev4eKelw1WWLaiKXw7sSl8T6FvBlWkdX+94aGJ4o8XjUdlyhTCjd8c+B3KT3JfS8P0bLRNU6A==
  dependencies:
    "@noble/hashes" "~1.8.0"
    "@scure/base" "~1.2.5"

"@solana-program/compute-budget@^0.8.0":
  version "0.8.0"
  resolved "https://registry.npmjs.org/@solana-program/compute-budget/-/compute-budget-0.8.0.tgz"
  integrity sha512-qPKxdxaEsFxebZ4K5RPuy7VQIm/tfJLa1+Nlt3KNA8EYQkz9Xm8htdoEaXVrer9kpgzzp9R3I3Bh6omwCM06tQ==

"@solana-program/token-2022@^0.4.2":
  version "0.4.2"
  resolved "https://registry.npmjs.org/@solana-program/token-2022/-/token-2022-0.4.2.tgz"
  integrity sha512-zIpR5t4s9qEU3hZKupzIBxJ6nUV5/UVyIT400tu9vT1HMs5JHxaTTsb5GUhYjiiTvNwU0MQavbwc4Dl29L0Xvw==

"@solana-program/token@^0.5.1":
  version "0.5.1"
  resolved "https://registry.npmjs.org/@solana-program/token/-/token-0.5.1.tgz"
  integrity sha512-bJvynW5q9SFuVOZ5vqGVkmaPGA0MCC+m9jgJj1nk5m20I389/ms69ASnhWGoOPNcie7S9OwBX0gTj2fiyWpfag==

"@solana/accounts@2.3.0":
  version "2.3.0"
  resolved "https://registry.npmjs.org/@solana/accounts/-/accounts-2.3.0.tgz"
  integrity sha512-QgQTj404Z6PXNOyzaOpSzjgMOuGwG8vC66jSDB+3zHaRcEPRVRd2sVSrd1U6sHtnV3aiaS6YyDuPQMheg4K2jw==
  dependencies:
    "@solana/addresses" "2.3.0"
    "@solana/codecs-core" "2.3.0"
    "@solana/codecs-strings" "2.3.0"
    "@solana/errors" "2.3.0"
    "@solana/rpc-spec" "2.3.0"
    "@solana/rpc-types" "2.3.0"

"@solana/addresses@2.3.0":
  version "2.3.0"
  resolved "https://registry.npmjs.org/@solana/addresses/-/addresses-2.3.0.tgz"
  integrity sha512-ypTNkY2ZaRFpHLnHAgaW8a83N0/WoqdFvCqf4CQmnMdFsZSdC7qOwcbd7YzdaQn9dy+P2hybewzB+KP7LutxGA==
  dependencies:
    "@solana/assertions" "2.3.0"
    "@solana/codecs-core" "2.3.0"
    "@solana/codecs-strings" "2.3.0"
    "@solana/errors" "2.3.0"
    "@solana/nominal-types" "2.3.0"

"@solana/assertions@2.3.0":
  version "2.3.0"
  resolved "https://registry.npmjs.org/@solana/assertions/-/assertions-2.3.0.tgz"
  integrity sha512-Ekoet3khNg3XFLN7MIz8W31wPQISpKUGDGTylLptI+JjCDWx3PIa88xjEMqFo02WJ8sBj2NLV64Xg1sBcsHjZQ==
  dependencies:
    "@solana/errors" "2.3.0"

"@solana/codecs-core@2.3.0":
  version "2.3.0"
  resolved "https://registry.npmjs.org/@solana/codecs-core/-/codecs-core-2.3.0.tgz"
  integrity sha512-oG+VZzN6YhBHIoSKgS5ESM9VIGzhWjEHEGNPSibiDTxFhsFWxNaz8LbMDPjBUE69r9wmdGLkrQ+wVPbnJcZPvw==
  dependencies:
    "@solana/errors" "2.3.0"

"@solana/codecs-data-structures@2.3.0":
  version "2.3.0"
  resolved "https://registry.npmjs.org/@solana/codecs-data-structures/-/codecs-data-structures-2.3.0.tgz"
  integrity sha512-qvU5LE5DqEdYMYgELRHv+HMOx73sSoV1ZZkwIrclwUmwTbTaH8QAJURBj0RhQ/zCne7VuLLOZFFGv6jGigWhSw==
  dependencies:
    "@solana/codecs-core" "2.3.0"
    "@solana/codecs-numbers" "2.3.0"
    "@solana/errors" "2.3.0"

"@solana/codecs-numbers@2.3.0":
  version "2.3.0"
  resolved "https://registry.npmjs.org/@solana/codecs-numbers/-/codecs-numbers-2.3.0.tgz"
  integrity sha512-jFvvwKJKffvG7Iz9dmN51OGB7JBcy2CJ6Xf3NqD/VP90xak66m/Lg48T01u5IQ/hc15mChVHiBm+HHuOFDUrQg==
  dependencies:
    "@solana/codecs-core" "2.3.0"
    "@solana/errors" "2.3.0"

"@solana/codecs-strings@2.3.0":
  version "2.3.0"
  resolved "https://registry.npmjs.org/@solana/codecs-strings/-/codecs-strings-2.3.0.tgz"
  integrity sha512-y5pSBYwzVziXu521hh+VxqUtp0hYGTl1eWGoc1W+8mdvBdC1kTqm/X7aYQw33J42hw03JjryvYOvmGgk3Qz/Ug==
  dependencies:
    "@solana/codecs-core" "2.3.0"
    "@solana/codecs-numbers" "2.3.0"
    "@solana/errors" "2.3.0"

"@solana/codecs@2.3.0":
  version "2.3.0"
  resolved "https://registry.npmjs.org/@solana/codecs/-/codecs-2.3.0.tgz"
  integrity sha512-JVqGPkzoeyU262hJGdH64kNLH0M+Oew2CIPOa/9tR3++q2pEd4jU2Rxdfye9sd0Ce3XJrR5AIa8ZfbyQXzjh+g==
  dependencies:
    "@solana/codecs-core" "2.3.0"
    "@solana/codecs-data-structures" "2.3.0"
    "@solana/codecs-numbers" "2.3.0"
    "@solana/codecs-strings" "2.3.0"
    "@solana/options" "2.3.0"

"@solana/errors@2.3.0":
  version "2.3.0"
  resolved "https://registry.npmjs.org/@solana/errors/-/errors-2.3.0.tgz"
  integrity sha512-66RI9MAbwYV0UtP7kGcTBVLxJgUxoZGm8Fbc0ah+lGiAw17Gugco6+9GrJCV83VyF2mDWyYnYM9qdI3yjgpnaQ==
  dependencies:
    chalk "^5.4.1"
    commander "^14.0.0"

"@solana/fast-stable-stringify@2.3.0":
  version "2.3.0"
  resolved "https://registry.npmjs.org/@solana/fast-stable-stringify/-/fast-stable-stringify-2.3.0.tgz"
  integrity sha512-KfJPrMEieUg6D3hfQACoPy0ukrAV8Kio883llt/8chPEG3FVTX9z/Zuf4O01a15xZmBbmQ7toil2Dp0sxMJSxw==

"@solana/functional@2.3.0":
  version "2.3.0"
  resolved "https://registry.npmjs.org/@solana/functional/-/functional-2.3.0.tgz"
  integrity sha512-AgsPh3W3tE+nK3eEw/W9qiSfTGwLYEvl0rWaxHht/lRcuDVwfKRzeSa5G79eioWFFqr+pTtoCr3D3OLkwKz02Q==

"@solana/instructions@2.3.0":
  version "2.3.0"
  resolved "https://registry.npmjs.org/@solana/instructions/-/instructions-2.3.0.tgz"
  integrity sha512-PLMsmaIKu7hEAzyElrk2T7JJx4D+9eRwebhFZpy2PXziNSmFF929eRHKUsKqBFM3cYR1Yy3m6roBZfA+bGE/oQ==
  dependencies:
    "@solana/codecs-core" "2.3.0"
    "@solana/errors" "2.3.0"

"@solana/keys@2.3.0":
  version "2.3.0"
  resolved "https://registry.npmjs.org/@solana/keys/-/keys-2.3.0.tgz"
  integrity sha512-ZVVdga79pNH+2pVcm6fr2sWz9HTwfopDVhYb0Lh3dh+WBmJjwkabXEIHey2rUES7NjFa/G7sV8lrUn/v8LDCCQ==
  dependencies:
    "@solana/assertions" "2.3.0"
    "@solana/codecs-core" "2.3.0"
    "@solana/codecs-strings" "2.3.0"
    "@solana/errors" "2.3.0"
    "@solana/nominal-types" "2.3.0"

"@solana/kit@^2.1.1", "@solana/kit@^2.3.0":
  version "2.3.0"
  resolved "https://registry.yarnpkg.com/@solana/kit/-/kit-2.3.0.tgz#92deb7c4883293617209aecac9a43d5e41ccf092"
  integrity sha512-sb6PgwoW2LjE5oTFu4lhlS/cGt/NB3YrShEyx7JgWFWysfgLdJnhwWThgwy/4HjNsmtMrQGWVls0yVBHcMvlMQ==
  dependencies:
    "@solana/accounts" "2.3.0"
    "@solana/addresses" "2.3.0"
    "@solana/codecs" "2.3.0"
    "@solana/errors" "2.3.0"
    "@solana/functional" "2.3.0"
    "@solana/instructions" "2.3.0"
    "@solana/keys" "2.3.0"
    "@solana/programs" "2.3.0"
    "@solana/rpc" "2.3.0"
    "@solana/rpc-parsed-types" "2.3.0"
    "@solana/rpc-spec-types" "2.3.0"
    "@solana/rpc-subscriptions" "2.3.0"
    "@solana/rpc-types" "2.3.0"
    "@solana/signers" "2.3.0"
    "@solana/sysvars" "2.3.0"
    "@solana/transaction-confirmation" "2.3.0"
    "@solana/transaction-messages" "2.3.0"
    "@solana/transactions" "2.3.0"

"@solana/nominal-types@2.3.0":
  version "2.3.0"
  resolved "https://registry.npmjs.org/@solana/nominal-types/-/nominal-types-2.3.0.tgz"
  integrity sha512-uKlMnlP4PWW5UTXlhKM8lcgIaNj8dvd8xO4Y9l+FVvh9RvW2TO0GwUO6JCo7JBzCB0PSqRJdWWaQ8pu1Ti/OkA==

"@solana/options@2.3.0":
  version "2.3.0"
  resolved "https://registry.npmjs.org/@solana/options/-/options-2.3.0.tgz"
  integrity sha512-PPnnZBRCWWoZQ11exPxf//DRzN2C6AoFsDI/u2AsQfYih434/7Kp4XLpfOMT/XESi+gdBMFNNfbES5zg3wAIkw==
  dependencies:
    "@solana/codecs-core" "2.3.0"
    "@solana/codecs-data-structures" "2.3.0"
    "@solana/codecs-numbers" "2.3.0"
    "@solana/codecs-strings" "2.3.0"
    "@solana/errors" "2.3.0"

"@solana/programs@2.3.0":
  version "2.3.0"
  resolved "https://registry.npmjs.org/@solana/programs/-/programs-2.3.0.tgz"
  integrity sha512-UXKujV71VCI5uPs+cFdwxybtHZAIZyQkqDiDnmK+DawtOO9mBn4Nimdb/6RjR2CXT78mzO9ZCZ3qfyX+ydcB7w==
  dependencies:
    "@solana/addresses" "2.3.0"
    "@solana/errors" "2.3.0"

"@solana/promises@2.3.0":
  version "2.3.0"
  resolved "https://registry.npmjs.org/@solana/promises/-/promises-2.3.0.tgz"
  integrity sha512-GjVgutZKXVuojd9rWy1PuLnfcRfqsaCm7InCiZc8bqmJpoghlyluweNc7ml9Y5yQn1P2IOyzh9+p/77vIyNybQ==

"@solana/rpc-api@2.3.0":
  version "2.3.0"
  resolved "https://registry.npmjs.org/@solana/rpc-api/-/rpc-api-2.3.0.tgz"
  integrity sha512-UUdiRfWoyYhJL9PPvFeJr4aJ554ob2jXcpn4vKmRVn9ire0sCbpQKYx6K8eEKHZWXKrDW8IDspgTl0gT/aJWVg==
  dependencies:
    "@solana/addresses" "2.3.0"
    "@solana/codecs-core" "2.3.0"
    "@solana/codecs-strings" "2.3.0"
    "@solana/errors" "2.3.0"
    "@solana/keys" "2.3.0"
    "@solana/rpc-parsed-types" "2.3.0"
    "@solana/rpc-spec" "2.3.0"
    "@solana/rpc-transformers" "2.3.0"
    "@solana/rpc-types" "2.3.0"
    "@solana/transaction-messages" "2.3.0"
    "@solana/transactions" "2.3.0"

"@solana/rpc-parsed-types@2.3.0":
  version "2.3.0"
  resolved "https://registry.npmjs.org/@solana/rpc-parsed-types/-/rpc-parsed-types-2.3.0.tgz"
  integrity sha512-B5pHzyEIbBJf9KHej+zdr5ZNAdSvu7WLU2lOUPh81KHdHQs6dEb310LGxcpCc7HVE8IEdO20AbckewDiAN6OCg==

"@solana/rpc-spec-types@2.3.0":
  version "2.3.0"
  resolved "https://registry.npmjs.org/@solana/rpc-spec-types/-/rpc-spec-types-2.3.0.tgz"
  integrity sha512-xQsb65lahjr8Wc9dMtP7xa0ZmDS8dOE2ncYjlvfyw/h4mpdXTUdrSMi6RtFwX33/rGuztQ7Hwaid5xLNSLvsFQ==

"@solana/rpc-spec@2.3.0":
  version "2.3.0"
  resolved "https://registry.npmjs.org/@solana/rpc-spec/-/rpc-spec-2.3.0.tgz"
  integrity sha512-fA2LMX4BMixCrNB2n6T83AvjZ3oUQTu7qyPLyt8gHQaoEAXs8k6GZmu6iYcr+FboQCjUmRPgMaABbcr9j2J9Sw==
  dependencies:
    "@solana/errors" "2.3.0"
    "@solana/rpc-spec-types" "2.3.0"

"@solana/rpc-subscriptions-api@2.3.0":
  version "2.3.0"
  resolved "https://registry.npmjs.org/@solana/rpc-subscriptions-api/-/rpc-subscriptions-api-2.3.0.tgz"
  integrity sha512-9mCjVbum2Hg9KGX3LKsrI5Xs0KX390lS+Z8qB80bxhar6MJPugqIPH8uRgLhCW9GN3JprAfjRNl7our8CPvsPQ==
  dependencies:
    "@solana/addresses" "2.3.0"
    "@solana/keys" "2.3.0"
    "@solana/rpc-subscriptions-spec" "2.3.0"
    "@solana/rpc-transformers" "2.3.0"
    "@solana/rpc-types" "2.3.0"
    "@solana/transaction-messages" "2.3.0"
    "@solana/transactions" "2.3.0"

"@solana/rpc-subscriptions-channel-websocket@2.3.0":
  version "2.3.0"
  resolved "https://registry.npmjs.org/@solana/rpc-subscriptions-channel-websocket/-/rpc-subscriptions-channel-websocket-2.3.0.tgz"
  integrity sha512-2oL6ceFwejIgeWzbNiUHI2tZZnaOxNTSerszcin7wYQwijxtpVgUHiuItM/Y70DQmH9sKhmikQp+dqeGalaJxw==
  dependencies:
    "@solana/errors" "2.3.0"
    "@solana/functional" "2.3.0"
    "@solana/rpc-subscriptions-spec" "2.3.0"
    "@solana/subscribable" "2.3.0"

"@solana/rpc-subscriptions-spec@2.3.0":
  version "2.3.0"
  resolved "https://registry.npmjs.org/@solana/rpc-subscriptions-spec/-/rpc-subscriptions-spec-2.3.0.tgz"
  integrity sha512-rdmVcl4PvNKQeA2l8DorIeALCgJEMSu7U8AXJS1PICeb2lQuMeaR+6cs/iowjvIB0lMVjYN2sFf6Q3dJPu6wWg==
  dependencies:
    "@solana/errors" "2.3.0"
    "@solana/promises" "2.3.0"
    "@solana/rpc-spec-types" "2.3.0"
    "@solana/subscribable" "2.3.0"

"@solana/rpc-subscriptions@2.3.0":
  version "2.3.0"
  resolved "https://registry.npmjs.org/@solana/rpc-subscriptions/-/rpc-subscriptions-2.3.0.tgz"
  integrity sha512-Uyr10nZKGVzvCOqwCZgwYrzuoDyUdwtgQRefh13pXIrdo4wYjVmoLykH49Omt6abwStB0a4UL5gX9V4mFdDJZg==
  dependencies:
    "@solana/errors" "2.3.0"
    "@solana/fast-stable-stringify" "2.3.0"
    "@solana/functional" "2.3.0"
    "@solana/promises" "2.3.0"
    "@solana/rpc-spec-types" "2.3.0"
    "@solana/rpc-subscriptions-api" "2.3.0"
    "@solana/rpc-subscriptions-channel-websocket" "2.3.0"
    "@solana/rpc-subscriptions-spec" "2.3.0"
    "@solana/rpc-transformers" "2.3.0"
    "@solana/rpc-types" "2.3.0"
    "@solana/subscribable" "2.3.0"

"@solana/rpc-transformers@2.3.0":
  version "2.3.0"
  resolved "https://registry.npmjs.org/@solana/rpc-transformers/-/rpc-transformers-2.3.0.tgz"
  integrity sha512-UuHYK3XEpo9nMXdjyGKkPCOr7WsZsxs7zLYDO1A5ELH3P3JoehvrDegYRAGzBS2VKsfApZ86ZpJToP0K3PhmMA==
  dependencies:
    "@solana/errors" "2.3.0"
    "@solana/functional" "2.3.0"
    "@solana/nominal-types" "2.3.0"
    "@solana/rpc-spec-types" "2.3.0"
    "@solana/rpc-types" "2.3.0"

"@solana/rpc-transport-http@2.3.0":
  version "2.3.0"
  resolved "https://registry.npmjs.org/@solana/rpc-transport-http/-/rpc-transport-http-2.3.0.tgz"
  integrity sha512-HFKydmxGw8nAF5N+S0NLnPBDCe5oMDtI2RAmW8DMqP4U3Zxt2XWhvV1SNkAldT5tF0U1vP+is6fHxyhk4xqEvg==
  dependencies:
    "@solana/errors" "2.3.0"
    "@solana/rpc-spec" "2.3.0"
    "@solana/rpc-spec-types" "2.3.0"
    undici-types "^7.11.0"

"@solana/rpc-types@2.3.0":
  version "2.3.0"
  resolved "https://registry.npmjs.org/@solana/rpc-types/-/rpc-types-2.3.0.tgz"
  integrity sha512-O09YX2hED2QUyGxrMOxQ9GzH1LlEwwZWu69QbL4oYmIf6P5dzEEHcqRY6L1LsDVqc/dzAdEs/E1FaPrcIaIIPw==
  dependencies:
    "@solana/addresses" "2.3.0"
    "@solana/codecs-core" "2.3.0"
    "@solana/codecs-numbers" "2.3.0"
    "@solana/codecs-strings" "2.3.0"
    "@solana/errors" "2.3.0"
    "@solana/nominal-types" "2.3.0"

"@solana/rpc@2.3.0":
  version "2.3.0"
  resolved "https://registry.npmjs.org/@solana/rpc/-/rpc-2.3.0.tgz"
  integrity sha512-ZWN76iNQAOCpYC7yKfb3UNLIMZf603JckLKOOLTHuy9MZnTN8XV6uwvDFhf42XvhglgUjGCEnbUqWtxQ9pa/pQ==
  dependencies:
    "@solana/errors" "2.3.0"
    "@solana/fast-stable-stringify" "2.3.0"
    "@solana/functional" "2.3.0"
    "@solana/rpc-api" "2.3.0"
    "@solana/rpc-spec" "2.3.0"
    "@solana/rpc-spec-types" "2.3.0"
    "@solana/rpc-transformers" "2.3.0"
    "@solana/rpc-transport-http" "2.3.0"
    "@solana/rpc-types" "2.3.0"

"@solana/signers@2.3.0":
  version "2.3.0"
  resolved "https://registry.npmjs.org/@solana/signers/-/signers-2.3.0.tgz"
  integrity sha512-OSv6fGr/MFRx6J+ZChQMRqKNPGGmdjkqarKkRzkwmv7v8quWsIRnJT5EV8tBy3LI4DLO/A8vKiNSPzvm1TdaiQ==
  dependencies:
    "@solana/addresses" "2.3.0"
    "@solana/codecs-core" "2.3.0"
    "@solana/errors" "2.3.0"
    "@solana/instructions" "2.3.0"
    "@solana/keys" "2.3.0"
    "@solana/nominal-types" "2.3.0"
    "@solana/transaction-messages" "2.3.0"
    "@solana/transactions" "2.3.0"

"@solana/subscribable@2.3.0":
  version "2.3.0"
  resolved "https://registry.npmjs.org/@solana/subscribable/-/subscribable-2.3.0.tgz"
  integrity sha512-DkgohEDbMkdTWiKAoatY02Njr56WXx9e/dKKfmne8/Ad6/2llUIrax78nCdlvZW9quXMaXPTxZvdQqo9N669Og==
  dependencies:
    "@solana/errors" "2.3.0"

"@solana/sysvars@2.3.0":
  version "2.3.0"
  resolved "https://registry.npmjs.org/@solana/sysvars/-/sysvars-2.3.0.tgz"
  integrity sha512-LvjADZrpZ+CnhlHqfI5cmsRzX9Rpyb1Ox2dMHnbsRNzeKAMhu9w4ZBIaeTdO322zsTr509G1B+k2ABD3whvUBA==
  dependencies:
    "@solana/accounts" "2.3.0"
    "@solana/codecs" "2.3.0"
    "@solana/errors" "2.3.0"
    "@solana/rpc-types" "2.3.0"

"@solana/transaction-confirmation@2.3.0", "@solana/transaction-confirmation@^2.1.1":
  version "2.3.0"
  resolved "https://registry.npmjs.org/@solana/transaction-confirmation/-/transaction-confirmation-2.3.0.tgz"
  integrity sha512-UiEuiHCfAAZEKdfne/XljFNJbsKAe701UQHKXEInYzIgBjRbvaeYZlBmkkqtxwcasgBTOmEaEKT44J14N9VZDw==
  dependencies:
    "@solana/addresses" "2.3.0"
    "@solana/codecs-strings" "2.3.0"
    "@solana/errors" "2.3.0"
    "@solana/keys" "2.3.0"
    "@solana/promises" "2.3.0"
    "@solana/rpc" "2.3.0"
    "@solana/rpc-subscriptions" "2.3.0"
    "@solana/rpc-types" "2.3.0"
    "@solana/transaction-messages" "2.3.0"
    "@solana/transactions" "2.3.0"

"@solana/transaction-messages@2.3.0":
  version "2.3.0"
  resolved "https://registry.npmjs.org/@solana/transaction-messages/-/transaction-messages-2.3.0.tgz"
  integrity sha512-bgqvWuy3MqKS5JdNLH649q+ngiyOu5rGS3DizSnWwYUd76RxZl1kN6CoqHSrrMzFMvis6sck/yPGG3wqrMlAww==
  dependencies:
    "@solana/addresses" "2.3.0"
    "@solana/codecs-core" "2.3.0"
    "@solana/codecs-data-structures" "2.3.0"
    "@solana/codecs-numbers" "2.3.0"
    "@solana/errors" "2.3.0"
    "@solana/functional" "2.3.0"
    "@solana/instructions" "2.3.0"
    "@solana/nominal-types" "2.3.0"
    "@solana/rpc-types" "2.3.0"

"@solana/transactions@2.3.0":
  version "2.3.0"
  resolved "https://registry.npmjs.org/@solana/transactions/-/transactions-2.3.0.tgz"
  integrity sha512-LnTvdi8QnrQtuEZor5Msje61sDpPstTVwKg4y81tNxDhiyomjuvnSNLAq6QsB9gIxUqbNzPZgOG9IU4I4/Uaug==
  dependencies:
    "@solana/addresses" "2.3.0"
    "@solana/codecs-core" "2.3.0"
    "@solana/codecs-data-structures" "2.3.0"
    "@solana/codecs-numbers" "2.3.0"
    "@solana/codecs-strings" "2.3.0"
    "@solana/errors" "2.3.0"
    "@solana/functional" "2.3.0"
    "@solana/instructions" "2.3.0"
    "@solana/keys" "2.3.0"
    "@solana/nominal-types" "2.3.0"
    "@solana/rpc-types" "2.3.0"
    "@solana/transaction-messages" "2.3.0"

"@types/minimist@^1.2.5":
  version "1.2.5"
  resolved "https://registry.npmjs.org/@types/minimist/-/minimist-1.2.5.tgz"
  integrity sha512-hov8bUuiLiyFPGyFPE1lwWhmzYbirOXQNNo40+y3zow8aFVTeyn3VWL0VFFfdNddA8S4Vf0Tc062rzyNr7Paag==

"@types/node@^24.0.12":
  version "24.0.12"
  resolved "https://registry.npmjs.org/@types/node/-/node-24.0.12.tgz"
  integrity sha512-LtOrbvDf5ndC9Xi+4QZjVL0woFymF/xSTKZKPgrrl7H7XoeDvnD+E2IclKVDyaK9UM756W/3BXqSU+JEHopA9g==
  dependencies:
    undici-types "~7.8.0"

"@x402/core@2.0.0", "@x402/core@^2.0.0":
  version "2.0.0"
  resolved "https://registry.yarnpkg.com/@x402/core/-/core-2.0.0.tgz#ddca687b2392d8ffc036c836ba78bc0dbcdc5c23"
  integrity sha512-tgC8Ujj8Bi9zU1318RAOcagffaHRMPupqj0tlmcOm4j/a/iWGoN58SIpqFV98qkZi7z6BpFAsScCyXnmaDvIyQ==
  dependencies:
    zod "^3.24.2"

"@x402/evm@^2.0.0":
  version "2.0.0"
  resolved "https://registry.yarnpkg.com/@x402/evm/-/evm-2.0.0.tgz#c532ae7d64cd569012d2400e71551de338b3461a"
  integrity sha512-BA8zC1/AWYq99tWRLNoqudJkeZJpkbPdHMEjrsEOjineVoijnz5N/0NO0klxT64oDG9kNbeczwLU/mTj7NneEw==
  dependencies:
    "@x402/core" "2.0.0"
    viem "^2.39.3"
    zod "^3.24.2"

"@x402/svm@^2.0.0":
  version "2.0.0"
  resolved "https://registry.yarnpkg.com/@x402/svm/-/svm-2.0.0.tgz#e7d23b88d8078c2301b6991bf3c861f7802545ec"
  integrity sha512-VJdxUoiNZ18/wucXToEscVKNfN+x18jK9c6p0AscS7iJaNq3z3ST/guf8asRedEWX9Rus62SilTmq3UYdNcnvw==
  dependencies:
    "@scure/base" "^1.2.6"
    "@solana-program/compute-budget" "^0.8.0"
    "@solana-program/token" "^0.5.1"
    "@solana-program/token-2022" "^0.4.2"
    "@solana/kit" "^2.1.1"
    "@solana/transaction-confirmation" "^2.1.1"
    "@x402/core" "2.0.0"
    zod "^3.24.2"

abitype@1.1.0:
  version "1.1.0"
  resolved "https://registry.yarnpkg.com/abitype/-/abitype-1.1.0.tgz#510c5b3f92901877977af5e864841f443bf55406"
  integrity sha512-6Vh4HcRxNMLA0puzPjM5GBgT4aAcFGKZzSgAXvuZ27shJP6NEpielTuqbBmZILR5/xd0PizkBGy5hReKz9jl5A==

abitype@1.2.3, abitype@^1.2.3:
  version "1.2.3"
  resolved "https://registry.yarnpkg.com/abitype/-/abitype-1.2.3.tgz#bec3e09dea97d99ef6c719140bee663a329ad1f4"
  integrity sha512-Ofer5QUnuUdTFsBRwARMoWKOH1ND5ehwYhJ3OJ/BQO+StkwQjHw0XyVh4vDttzHB7QOFhPHa/o413PJ82gU/Tg==

abitype@^1.0.9:
  version "1.1.1"
  resolved "https://registry.yarnpkg.com/abitype/-/abitype-1.1.1.tgz#b50ed400f8bfca5452eb4033445c309d3e1117c8"
  integrity sha512-Loe5/6tAgsBukY95eGaPSDmQHIjRZYQq8PB1MpsNccDIK8WiV+Uw6WzaIXipvaxTEL2yEB0OpEaQv3gs8pkS9Q==

asynckit@^0.4.0:
  version "0.4.0"
  resolved "https://registry.npmjs.org/asynckit/-/asynckit-0.4.0.tgz"
  integrity sha512-Oei9OH4tRh0YqU3GxhX79dM/mwVgvbZJaSNaRk+bshkj0S5cfHcgYakreBjrHwatXKbz+IoIdYLxrKim2MjW0Q==

axios@^1.13.2:
  version "1.13.2"
  resolved "https://registry.yarnpkg.com/axios/-/axios-1.13.2.tgz#9ada120b7b5ab24509553ec3e40123521117f687"
  integrity sha512-VPk9ebNqPcy5lRGuSlKx752IlDatOjT9paPlm8A7yOuW2Fbvp4X3JznJtT4f0GzGLLiWE9W8onz51SqLYwzGaA==
  dependencies:
    follow-redirects "^1.15.6"
    form-data "^4.0.4"
    proxy-from-env "^1.1.0"

base-x@^5.0.0:
  version "5.0.1"
  resolved "https://registry.npmjs.org/base-x/-/base-x-5.0.1.tgz"
  integrity sha512-M7uio8Zt++eg3jPj+rHMfCC+IuygQHHCOU+IYsVtik6FWjuYpVt/+MRKcgsAMHh8mMFAwnB+Bs+mTrFiXjMzKg==

bs58@^6.0.0:
  version "6.0.0"
  resolved "https://registry.yarnpkg.com/bs58/-/bs58-6.0.0.tgz#a2cda0130558535dd281a2f8697df79caaf425d8"
  integrity sha512-PD0wEnEYg6ijszw/u8s+iI3H17cTymlrwkKhDhPZq+Sokl3AU4htyBFTjAeNAlCCmg0f53g6ih3jATyCKftTfw==
  dependencies:
    base-x "^5.0.0"

call-bind-apply-helpers@^1.0.1, call-bind-apply-helpers@^1.0.2:
  version "1.0.2"
  resolved "https://registry.npmjs.org/call-bind-apply-helpers/-/call-bind-apply-helpers-1.0.2.tgz"
  integrity sha512-Sp1ablJ0ivDkSzjcaJdxEunN5/XvksFJ2sMBFfq6x0ryhQV/2b/KwFe21cMpmHtPOSij8K99/wSfoEuTObmuMQ==
  dependencies:
    es-errors "^1.3.0"
    function-bind "^1.1.2"

chalk@^5.4.1:
  version "5.6.0"
  resolved "https://registry.npmjs.org/chalk/-/chalk-5.6.0.tgz"
  integrity sha512-46QrSQFyVSEyYAgQ22hQ+zDa60YHA4fBstHmtSApj1Y5vKtG27fWowW03jCk5KcbXEWPZUIR894aARCA/G1kfQ==

combined-stream@^1.0.8:
  version "1.0.8"
  resolved "https://registry.npmjs.org/combined-stream/-/combined-stream-1.0.8.tgz"
  integrity sha512-FQN4MRfuJeHf7cBbBMJFXhKSDq+2kAArBlmRBvcvFE5BB1HZKXtSFASDhdlz9zOYwxh8lDdnvmMOe/+5cdoEdg==
  dependencies:
    delayed-stream "~1.0.0"

commander@^14.0.0:
  version "14.0.0"
  resolved "https://registry.npmjs.org/commander/-/commander-14.0.0.tgz"
  integrity sha512-2uM9rYjPvyq39NwLRqaiLtWHyDC1FvryJDa2ATTVims5YAS4PupsEQsDvP14FqhFr0P49CYDugi59xaxJlTXRA==

delayed-stream@~1.0.0:
  version "1.0.0"
  resolved "https://registry.npmjs.org/delayed-stream/-/delayed-stream-1.0.0.tgz"
  integrity sha512-ZySD7Nf91aLB0RxL4KGrKHBXl7Eds1DAmEdcoVawXnLD7SDhpNgtuII2aAkg7a7QS41jxPSZ17p4VdGnMHk3MQ==

dotenv@^16.5.0:
  version "16.5.0"
  resolved "https://registry.npmjs.org/dotenv/-/dotenv-16.5.0.tgz"
  integrity sha512-m/C+AwOAr9/W1UOIZUo232ejMNnJAJtYQjUbHoNTBNTJSvqzzDh7vnrei3o3r3m9blf6ZoDkvcw0VmozNRFJxg==

dunder-proto@^1.0.1:
  version "1.0.1"
  resolved "https://registry.npmjs.org/dunder-proto/-/dunder-proto-1.0.1.tgz"
  integrity sha512-KIN/nDJBQRcXw0MLVhZE9iQHmG68qAVIBg9CqmUYjmQIhgij9U5MFvrqkUL5FbtyyzZuOeOt0zdeRe4UY7ct+A==
  dependencies:
    call-bind-apply-helpers "^1.0.1"
    es-errors "^1.3.0"
    gopd "^1.2.0"

es-define-property@^1.0.1:
  version "1.0.1"
  resolved "https://registry.npmjs.org/es-define-property/-/es-define-property-1.0.1.tgz"
  integrity sha512-e3nRfgfUZ4rNGL232gUgX06QNyyez04KdjFrF+LTRoOXmrOgFKDg4BCdsjW8EnT69eqdYGmRpJwiPVYNrCaW3g==

es-errors@^1.3.0:
  version "1.3.0"
  resolved "https://registry.npmjs.org/es-errors/-/es-errors-1.3.0.tgz"
  integrity sha512-Zf5H2Kxt2xjTvbJvP2ZWLEICxA6j+hAmMzIlypy4xcBg1vKVnx89Wy0GbS+kf5cwCVFFzdCFh2XSCFNULS6csw==

es-object-atoms@^1.0.0, es-object-atoms@^1.1.1:
  version "1.1.1"
  resolved "https://registry.npmjs.org/es-object-atoms/-/es-object-atoms-1.1.1.tgz"
  integrity sha512-FGgH2h8zKNim9ljj7dankFPcICIK9Cp5bm+c2gQSYePhpaG5+esrLODihIorn+Pe6FGJzWhXQotPv73jTaldXA==
  dependencies:
    es-errors "^1.3.0"

es-set-tostringtag@^2.1.0:
  version "2.1.0"
  resolved "https://registry.npmjs.org/es-set-tostringtag/-/es-set-tostringtag-2.1.0.tgz"
  integrity sha512-j6vWzfrGVfyXxge+O0x5sh6cvxAog0a/4Rdd2K36zCMV5eJ+/+tOAngRO8cODMNWbVRdVlmGZQL2YS3yR8bIUA==
  dependencies:
    es-errors "^1.3.0"
    get-intrinsic "^1.2.6"
    has-tostringtag "^1.0.2"
    hasown "^2.0.2"

esbuild@~0.25.0:
  version "0.25.5"
  resolved "https://registry.npmjs.org/esbuild/-/esbuild-0.25.5.tgz"
  integrity sha512-P8OtKZRv/5J5hhz0cUAdu/cLuPIKXpQl1R9pZtvmHWQvrAUVd0UNIPT4IB4W3rNOqVO0rlqHmCIbSwxh/c9yUQ==
  optionalDependencies:
    "@esbuild/aix-ppc64" "0.25.5"
    "@esbuild/android-arm" "0.25.5"
    "@esbuild/android-arm64" "0.25.5"
    "@esbuild/android-x64" "0.25.5"
    "@esbuild/darwin-arm64" "0.25.5"
    "@esbuild/darwin-x64" "0.25.5"
    "@esbuild/freebsd-arm64" "0.25.5"
    "@esbuild/freebsd-x64" "0.25.5"
    "@esbuild/linux-arm" "0.25.5"
    "@esbuild/linux-arm64" "0.25.5"
    "@esbuild/linux-ia32" "0.25.5"
    "@esbuild/linux-loong64" "0.25.5"
    "@esbuild/linux-mips64el" "0.25.5"
    "@esbuild/linux-ppc64" "0.25.5"
    "@esbuild/linux-riscv64" "0.25.5"
    "@esbuild/linux-s390x" "0.25.5"
    "@esbuild/linux-x64" "0.25.5"
    "@esbuild/netbsd-arm64" "0.25.5"
    "@esbuild/netbsd-x64" "0.25.5"
    "@esbuild/openbsd-arm64" "0.25.5"
    "@esbuild/openbsd-x64" "0.25.5"
    "@esbuild/sunos-x64" "0.25.5"
    "@esbuild/win32-arm64" "0.25.5"
    "@esbuild/win32-ia32" "0.25.5"
    "@esbuild/win32-x64" "0.25.5"

eventemitter3@5.0.1:
  version "5.0.1"
  resolved "https://registry.npmjs.org/eventemitter3/-/eventemitter3-5.0.1.tgz"
  integrity sha512-GWkBvjiSZK87ELrYOSESUYeVIc9mvLLf/nXalMOS5dYrgZq9o5OVkbZAVM06CVxYsCwH9BDZFPlQTlPA1j4ahA==

follow-redirects@^1.15.6:
  version "1.15.9"
  resolved "https://registry.npmjs.org/follow-redirects/-/follow-redirects-1.15.9.tgz"
  integrity sha512-gew4GsXizNgdoRyqmyfMHyAmXsZDk6mHkSxZFCzW9gwlbtOW44CDtYavM+y+72qD/Vq2l550kMF52DT8fOLJqQ==

form-data@^4.0.4:
  version "4.0.4"
  resolved "https://registry.yarnpkg.com/form-data/-/form-data-4.0.4.tgz#784cdcce0669a9d68e94d11ac4eea98088edd2c4"
  integrity sha512-KrGhL9Q4zjj0kiUt5OO4Mr/A/jlI2jDYs5eHBpYHPcBEVSiipAvn2Ko2HnPe20rmcuuvMHNdZFp+4IlGTMF0Ow==
  dependencies:
    asynckit "^0.4.0"
    combined-stream "^1.0.8"
    es-set-tostringtag "^2.1.0"
    hasown "^2.0.2"
    mime-types "^2.1.12"

fsevents@~2.3.3:
  version "2.3.3"
  resolved "https://registry.yarnpkg.com/fsevents/-/fsevents-2.3.3.tgz#cac6407785d03675a2a5e1a5305c697b347d90d6"
  integrity sha512-5xoDfX+fL7faATnagmWPpbFtwh/R77WmMMqqHGS65C3vvB0YHrgF+B1YmZ3441tMj5n63k0212XNoJwzlhffQw==

function-bind@^1.1.2:
  version "1.1.2"
  resolved "https://registry.npmjs.org/function-bind/-/function-bind-1.1.2.tgz"
  integrity sha512-7XHNxH7qX9xG5mIwxkhumTox/MIRNcOgDrxWsMt2pAr23WHp6MrRlN7FBSFpCpr+oVO0F744iUgR82nJMfG2SA==

get-intrinsic@^1.2.6:
  version "1.3.0"
  resolved "https://registry.npmjs.org/get-intrinsic/-/get-intrinsic-1.3.0.tgz"
  integrity sha512-9fSjSaos/fRIVIp+xSJlE6lfwhES7LNtKaCBIamHsjr2na1BiABJPo0mOjjz8GJDURarmCPGqaiVg5mfjb98CQ==
  dependencies:
    call-bind-apply-helpers "^1.0.2"
    es-define-property "^1.0.1"
    es-errors "^1.3.0"
    es-object-atoms "^1.1.1"
    function-bind "^1.1.2"
    get-proto "^1.0.1"
    gopd "^1.2.0"
    has-symbols "^1.1.0"
    hasown "^2.0.2"
    math-intrinsics "^1.1.0"

get-proto@^1.0.1:
  version "1.0.1"
  resolved "https://registry.npmjs.org/get-proto/-/get-proto-1.0.1.tgz"
  integrity sha512-sTSfBjoXBp89JvIKIefqw7U2CCebsc74kiY6awiGogKtoSGbgjYE/G/+l9sF3MWFPNc9IcoOC4ODfKHfxFmp0g==
  dependencies:
    dunder-proto "^1.0.1"
    es-object-atoms "^1.0.0"

get-tsconfig@^4.7.5:
  version "4.10.1"
  resolved "https://registry.npmjs.org/get-tsconfig/-/get-tsconfig-4.10.1.tgz"
  integrity sha512-auHyJ4AgMz7vgS8Hp3N6HXSmlMdUyhSUrfBF16w153rxtLIEOE+HGqaBppczZvnHLqQJfiHotCYpNhl0lUROFQ==
  dependencies:
    resolve-pkg-maps "^1.0.0"

gopd@^1.2.0:
  version "1.2.0"
  resolved "https://registry.npmjs.org/gopd/-/gopd-1.2.0.tgz"
  integrity sha512-ZUKRh6/kUFoAiTAtTYPZJ3hw9wNxx+BIBOijnlG9PnrJsCcSjs1wyyD6vJpaYtgnzDrKYRSqf3OO6Rfa93xsRg==

has-symbols@^1.0.3, has-symbols@^1.1.0:
  version "1.1.0"
  resolved "https://registry.npmjs.org/has-symbols/-/has-symbols-1.1.0.tgz"
  integrity sha512-1cDNdwJ2Jaohmb3sg4OmKaMBwuC48sYni5HUw2DvsC8LjGTLK9h+eb1X6RyuOHe4hT0ULCW68iomhjUoKUqlPQ==

has-tostringtag@^1.0.2:
  version "1.0.2"
  resolved "https://registry.npmjs.org/has-tostringtag/-/has-tostringtag-1.0.2.tgz"
  integrity sha512-NqADB8VjPFLM2V0VvHUewwwsw0ZWBaIdgo+ieHtK3hasLz4qeCRjYcqfB6AQrBggRKppKF8L52/VqdVsO47Dlw==
  dependencies:
    has-symbols "^1.0.3"

hasown@^2.0.2:
  version "2.0.2"
  resolved "https://registry.npmjs.org/hasown/-/hasown-2.0.2.tgz"
  integrity sha512-0hJU9SCPvmMzIBdZFqNPXWa6dqh7WdH0cII9y+CyS8rG3nL48Bclra9HmKhVVUHyPWNH5Y7xDwAB7bfgSjkUMQ==
  dependencies:
    function-bind "^1.1.2"

isows@1.0.7:
  version "1.0.7"
  resolved "https://registry.npmjs.org/isows/-/isows-1.0.7.tgz"
  integrity sha512-I1fSfDCZL5P0v33sVqeTDSpcstAg/N+wF5HS033mogOVIp4B+oHC7oOCsA3axAbBSGTJ8QubbNmnIRN/h8U7hg==

math-intrinsics@^1.1.0:
  version "1.1.0"
  resolved "https://registry.npmjs.org/math-intrinsics/-/math-intrinsics-1.1.0.tgz"
  integrity sha512-/IXtbwEk5HTPyEwyKX6hGkYXxM9nbj64B+ilVJnC/R6B0pH5G4V3b0pVbL7DBj4tkhBAppbQUlf6F6Xl9LHu1g==

mime-db@1.52.0:
  version "1.52.0"
  resolved "https://registry.npmjs.org/mime-db/-/mime-db-1.52.0.tgz"
  integrity sha512-sPU4uV7dYlvtWJxwwxHD0PuihVNiE7TyAbQ5SWxDCB9mUYvOgroQOwYQQOKPJ8CIbE+1ETVlOoK1UC2nU3gYvg==

mime-types@^2.1.12:
  version "2.1.35"
  resolved "https://registry.npmjs.org/mime-types/-/mime-types-2.1.35.tgz"
  integrity sha512-ZDY+bPm5zTTF+YpCrAU9nK0UgICYPT0QtT1NZWFv4s++TNkcgVaT0g6+4R2uI4MjQjzysHB1zxuWL50hzaeXiw==
  dependencies:
    mime-db "1.52.0"

minimist@^1.2.8:
  version "1.2.8"
  resolved "https://registry.npmjs.org/minimist/-/minimist-1.2.8.tgz"
  integrity sha512-2yyAR8qBkN3YuheJanUpWC5U3bb5osDywNB8RzDVlDwDHbocAJveqqj1u8+SVD7jkWT4yvsHCpWqqWqAxb0zCA==

ox@0.11.1:
  version "0.11.1"
  resolved "https://registry.yarnpkg.com/ox/-/ox-0.11.1.tgz#ee1d1b88e794533db244e90bf7fb3863293169f3"
  integrity sha512-1l1gOLAqg0S0xiN1dH5nkPna8PucrZgrIJOfS49MLNiMevxu07Iz4ZjuJS9N+xifvT+PsZyIptS7WHM8nC+0+A==
  dependencies:
    "@adraffy/ens-normalize" "^1.11.0"
    "@noble/ciphers" "^1.3.0"
    "@noble/curves" "1.9.1"
    "@noble/hashes" "^1.8.0"
    "@scure/bip32" "^1.7.0"
    "@scure/bip39" "^1.6.0"
    abitype "^1.2.3"
    eventemitter3 "5.0.1"

ox@0.9.6:
  version "0.9.6"
  resolved "https://registry.yarnpkg.com/ox/-/ox-0.9.6.tgz#5cf02523b6db364c10ee7f293ff1e664e0e1eab7"
  integrity sha512-8SuCbHPvv2eZLYXrNmC0EC12rdzXQLdhnOMlHDW2wiCPLxBrOOJwX5L5E61by+UjTPOryqQiRSnjIKCI+GykKg==
  dependencies:
    "@adraffy/ens-normalize" "^1.11.0"
    "@noble/ciphers" "^1.3.0"
    "@noble/curves" "1.9.1"
    "@noble/hashes" "^1.8.0"
    "@scure/bip32" "^1.7.0"
    "@scure/bip39" "^1.6.0"
    abitype "^1.0.9"
    eventemitter3 "5.0.1"

proxy-from-env@^1.1.0:
  version "1.1.0"
  resolved "https://registry.npmjs.org/proxy-from-env/-/proxy-from-env-1.1.0.tgz"
  integrity sha512-D+zkORCbA9f1tdWRK0RaCR3GPv50cMxcrz4X8k5LTSUD1Dkw47mKJEZQNunItRTkWwgtaUSo1RVFRIG9ZXiFYg==

resolve-pkg-maps@^1.0.0:
  version "1.0.0"
  resolved "https://registry.npmjs.org/resolve-pkg-maps/-/resolve-pkg-maps-1.0.0.tgz"
  integrity sha512-seS2Tj26TBVOC2NIc2rOe2y2ZO7efxITtLZcGSOnHHNOQ7CkiUBfw0Iw2ck6xkIhPwLhKNLS8BO+hEpngQlqzw==

tsx@^4.20.6:
  version "4.20.6"
  resolved "https://registry.yarnpkg.com/tsx/-/tsx-4.20.6.tgz#8fb803fd9c1f70e8ccc93b5d7c5e03c3979ccb2e"
  integrity sha512-ytQKuwgmrrkDTFP4LjR0ToE2nqgy886GpvRSpU0JAnrdBYppuY5rLkRUYPU1yCryb24SsKBTL/hlDQAEFVwtZg==
  dependencies:
    esbuild "~0.25.0"
    get-tsconfig "^4.7.5"
  optionalDependencies:
    fsevents "~2.3.3"

typescript@^5.9.3:
  version "5.9.3"
  resolved "https://registry.yarnpkg.com/typescript/-/typescript-5.9.3.tgz#5b4f59e15310ab17a216f5d6cf53ee476ede670f"
  integrity sha512-jl1vZzPDinLr9eUt3J/t7V6FgNEw9QjvBPdysz9KfQDD41fQrC2Y4vKQdiaUpFT4bXlb1RHhLpp8wtm6M5TgSw==

undici-types@^7.11.0:
  version "7.16.0"
  resolved "https://registry.npmjs.org/undici-types/-/undici-types-7.16.0.tgz"
  integrity sha512-Zz+aZWSj8LE6zoxD+xrjh4VfkIG8Ya6LvYkZqtUQGJPZjYl53ypCaUwWqo7eI0x66KBGeRo+mlBEkMSeSZ38Nw==

undici-types@~7.8.0:
  version "7.8.0"
  resolved "https://registry.npmjs.org/undici-types/-/undici-types-7.8.0.tgz"
  integrity sha512-9UJ2xGDvQ43tYyVMpuHlsgApydB8ZKfVYTsLDhXkFL/6gfkp+U8xTGdh8pMJv1SpZna0zxG1DwsKZsreLbXBxw==

viem@^2.38.6:
  version "2.38.6"
  resolved "https://registry.yarnpkg.com/viem/-/viem-2.38.6.tgz#ab315bef8f872bce86f0f145e9b008b5e94f1904"
  integrity sha512-aqO6P52LPXRjdnP6rl5Buab65sYa4cZ6Cpn+k4OLOzVJhGIK8onTVoKMFMT04YjDfyDICa/DZyV9HmvLDgcjkw==
  dependencies:
    "@noble/curves" "1.9.1"
    "@noble/hashes" "1.8.0"
    "@scure/bip32" "1.7.0"
    "@scure/bip39" "1.6.0"
    abitype "1.1.0"
    isows "1.0.7"
    ox "0.9.6"
    ws "8.18.3"

viem@^2.39.3:
  version "2.43.3"
  resolved "https://registry.yarnpkg.com/viem/-/viem-2.43.3.tgz#fa3e089f8f094db0be7a9218e8e6d6a7d40ee074"
  integrity sha512-zM251fspfSjENCtfmT7cauuD+AA/YAlkFU7cksdEQJxj7wDuO0XFRWRH+RMvfmTFza88B9kug5cKU+Wk2nAjJg==
  dependencies:
    "@noble/curves" "1.9.1"
    "@noble/hashes" "1.8.0"
    "@scure/bip32" "1.7.0"
    "@scure/bip39" "1.6.0"
    abitype "1.2.3"
    isows "1.0.7"
    ox "0.11.1"
    ws "8.18.3"

ws@8.18.3:
  version "8.18.3"
  resolved "https://registry.npmjs.org/ws/-/ws-8.18.3.tgz"
  integrity sha512-PEIGCY5tSlUt50cqyMXfCzX+oOPqN0vuGqWzbcJ2xvnkzkq46oOpz7dQaTDBdfICb4N14+GARUDw2XV2N4tvzg==

zod@^3.24.2:
  version "3.25.48"
  resolved "https://registry.npmjs.org/zod/-/zod-3.25.48.tgz"
  integrity sha512-0X1mz8FtgEIvaxGjdIImYpZEaZMrund9pGXm3M6vM7Reba0e2eI71KPjSCGXBfwKDPwPoywf6waUKc3/tFvX2Q==
